{
  "originHash" : "5f62823012779bff9452a6ef26002fb3dab01641116463a98767a00a6d1d0cb1",
  "pins" : [
    {
      "identity" : "alamofire",
      "kind" : "remoteSourceControl",
      "location" : "https://github.com/Alamofire/Alamofire",
      "state" : {
        "revision" : "3f99050e75bbc6fe71fc323adabb039756680016",
        "version" : "5.11.1"
      }
    },
    {
      "identity" : "ios-maps-sdk",
      "kind" : "remoteSourceControl",
      "location" : "https://github.com/googlemaps/ios-maps-sdk",
      "state" : {
        "revision" : "f821a2ef5a3ffa7c704e6c98153da2592ba3049c",
        "version" : "10.8.0"
      }
    }
  ],
  "version" : 3
}
